
Microsoft Visual Studio Solution File, Format Version 12.00
# Visual Studio Version 17
VisualStudioVersion = 17.1.32210.238
MinimumVisualStudioVersion = 10.0.40219.1
Project("{9A19103F-16F7-4668-BE54-9A1E7A4F7556}") = "QuizAPI", "QuizAPI\QuizAPI.csproj", "{A7946D80-505A-4111-BC09-092846390B8C}"
EndProject
Project("{FAE04EC0-301F-11D3-BF4B-00C04F79EFBC}") = "QuizTest", "QuizTest\QuizTest.csproj", "{06A7A81C-1ACA-4835-BB9F-1E6195FCFCC3}"
EndProject
Global
	GlobalSection(SolutionConfigurationPlatforms) = preSolution
		Debug|Any CPU = Debug|Any CPU
		Release|Any CPU = Release|Any CPU
	EndGlobalSection
	GlobalSection(ProjectConfigurationPlatforms) = postSolution
		{A7946D80-505A-4111-BC09-092846390B8C}.Debug|Any CPU.ActiveCfg = Debug|Any CPU
		{A7946D80-505A-4111-BC09-092846390B8C}.Debug|Any CPU.Build.0 = Debug|Any CPU
		{A7946D80-505A-4111-BC09-092846390B8C}.Release|Any CPU.ActiveCfg = Release|Any CPU
		{A7946D80-505A-4111-BC09-092846390B8C}.Release|Any CPU.Build.0 = Release|Any CPU
		{06A7A81C-1ACA-4835-BB9F-1E6195FCFCC3}.Debug|Any CPU.ActiveCfg = Debug|Any CPU
		{06A7A81C-1ACA-4835-BB9F-1E6195FCFCC3}.Debug|Any CPU.Build.0 = Debug|Any CPU
		{06A7A81C-1ACA-4835-BB9F-1E6195FCFCC3}.Release|Any CPU.ActiveCfg = Release|Any CPU
		{06A7A81C-1ACA-4835-BB9F-1E6195FCFCC3}.Release|Any CPU.Build.0 = Release|Any CPU
	EndGlobalSection
	GlobalSection(SolutionProperties) = preSolution
		HideSolutionNode = FALSE
	EndGlobalSection
	GlobalSection(ExtensibilityGlobals) = postSolution
		SolutionGuid = {7525DDB4-E968-494A-90B3-F2D63BAE780C}
	EndGlobalSection
EndGlobal
